
Microsoft Visual Studio Solution File, Format Version 12.00
# Visual Studio 15
Project("{FAE04EC0-301F-11D3-BF4B-00C04F79EFBC}") = "Cryptollet.Android", "Cryptollet.Android\Cryptollet.Android.csproj", "{5F9FECB2-FEBC-4830-92B8-3EB6900B2A5D}"
EndProject
Project("{FAE04EC0-301F-11D3-BF4B-00C04F79EFBC}") = "Cryptollet.iOS", "Cryptollet.iOS\Cryptollet.iOS.csproj", "{FCC8831F-DB5B-45C7-8DED-2E30B9D8B187}"
EndProject
Project("{FAE04EC0-301F-11D3-BF4B-00C04F79EFBC}") = "Cryptollet", "Cryptollet\Cryptollet.csproj", "{0B0AFA83-FE7A-4D3F-A343-7223FA0DE190}"
EndProject
Project("{FAE04EC0-301F-11D3-BF4B-00C04F79EFBC}") = "Cryptollet.Tests", "Cryptollet.Tests\Cryptollet.Tests.csproj", "{BB434562-CF03-4470-8FB5-56BEA1FD8285}"
EndProject
Global
	GlobalSection(SolutionConfigurationPlatforms) = preSolution
		Debug|Any CPU = Debug|Any CPU
		Release|Any CPU = Release|Any CPU
		Debug|iPhoneSimulator = Debug|iPhoneSimulator
		Release|iPhoneSimulator = Release|iPhoneSimulator
		Debug|iPhone = Debug|iPhone
		Release|iPhone = Release|iPhone
	EndGlobalSection
	GlobalSection(ProjectConfigurationPlatforms) = postSolution
		{5F9FECB2-FEBC-4830-92B8-3EB6900B2A5D}.Debug|Any CPU.ActiveCfg = Debug|Any CPU
		{5F9FECB2-FEBC-4830-92B8-3EB6900B2A5D}.Debug|Any CPU.Build.0 = Debug|Any CPU
		{5F9FECB2-FEBC-4830-92B8-3EB6900B2A5D}.Release|Any CPU.ActiveCfg = Release|Any CPU
		{5F9FECB2-FEBC-4830-92B8-3EB6900B2A5D}.Release|Any CPU.Build.0 = Release|Any CPU
		{5F9FECB2-FEBC-4830-92B8-3EB6900B2A5D}.Debug|iPhoneSimulator.ActiveCfg = Debug|Any CPU
		{5F9FECB2-FEBC-4830-92B8-3EB6900B2A5D}.Debug|iPhoneSimulator.Build.0 = Debug|Any CPU
		{5F9FECB2-FEBC-4830-92B8-3EB6900B2A5D}.Release|iPhoneSimulator.ActiveCfg = Release|Any CPU
		{5F9FECB2-FEBC-4830-92B8-3EB6900B2A5D}.Release|iPhoneSimulator.Build.0 = Release|Any CPU
		{5F9FECB2-FEBC-4830-92B8-3EB6900B2A5D}.Debug|iPhone.ActiveCfg = Debug|Any CPU
		{5F9FECB2-FEBC-4830-92B8-3EB6900B2A5D}.Debug|iPhone.Build.0 = Debug|Any CPU
		{5F9FECB2-FEBC-4830-92B8-3EB6900B2A5D}.Release|iPhone.ActiveCfg = Release|Any CPU
		{5F9FECB2-FEBC-4830-92B8-3EB6900B2A5D}.Release|iPhone.Build.0 = Release|Any CPU
		{FCC8831F-DB5B-45C7-8DED-2E30B9D8B187}.Debug|Any CPU.ActiveCfg = Debug|iPhoneSimulator
		{FCC8831F-DB5B-45C7-8DED-2E30B9D8B187}.Debug|Any CPU.Build.0 = Debug|iPhoneSimulator
		{FCC8831F-DB5B-45C7-8DED-2E30B9D8B187}.Release|Any CPU.ActiveCfg = Release|iPhoneSimulator
		{FCC8831F-DB5B-45C7-8DED-2E30B9D8B187}.Release|Any CPU.Build.0 = Release|iPhoneSimulator
		{FCC8831F-DB5B-45C7-8DED-2E30B9D8B187}.Debug|iPhoneSimulator.ActiveCfg = Debug|iPhoneSimulator
		{FCC8831F-DB5B-45C7-8DED-2E30B9D8B187}.Debug|iPhoneSimulator.Build.0 = Debug|iPhoneSimulator
		{FCC8831F-DB5B-45C7-8DED-2E30B9D8B187}.Release|iPhoneSimulator.ActiveCfg = Release|iPhoneSimulator
		{FCC8831F-DB5B-45C7-8DED-2E30B9D8B187}.Release|iPhoneSimulator.Build.0 = Release|iPhoneSimulator
		{FCC8831F-DB5B-45C7-8DED-2E30B9D8B187}.Debug|iPhone.ActiveCfg = Debug|iPhone
		{FCC8831F-DB5B-45C7-8DED-2E30B9D8B187}.Debug|iPhone.Build.0 = Debug|iPhone
		{FCC8831F-DB5B-45C7-8DED-2E30B9D8B187}.Release|iPhone.ActiveCfg = Release|iPhone
		{FCC8831F-DB5B-45C7-8DED-2E30B9D8B187}.Release|iPhone.Build.0 = Release|iPhone
		{0B0AFA83-FE7A-4D3F-A343-7223FA0DE190}.Debug|Any CPU.ActiveCfg = Debug|Any CPU
		{0B0AFA83-FE7A-4D3F-A343-7223FA0DE190}.Debug|Any CPU.Build.0 = Debug|Any CPU
		{0B0AFA83-FE7A-4D3F-A343-7223FA0DE190}.Release|Any CPU.ActiveCfg = Release|Any CPU
		{0B0AFA83-FE7A-4D3F-A343-7223FA0DE190}.Release|Any CPU.Build.0 = Release|Any CPU
		{0B0AFA83-FE7A-4D3F-A343-7223FA0DE190}.Debug|iPhoneSimulator.ActiveCfg = Debug|Any CPU
		{0B0AFA83-FE7A-4D3F-A343-7223FA0DE190}.Debug|iPhoneSimulator.Build.0 = Debug|Any CPU
		{0B0AFA83-FE7A-4D3F-A343-7223FA0DE190}.Release|iPhoneSimulator.ActiveCfg = Release|Any CPU
		{0B0AFA83-FE7A-4D3F-A343-7223FA0DE190}.Release|iPhoneSimulator.Build.0 = Release|Any CPU
		{0B0AFA83-FE7A-4D3F-A343-7223FA0DE190}.Debug|iPhone.ActiveCfg = Debug|Any CPU
		{0B0AFA83-FE7A-4D3F-A343-7223FA0DE190}.Debug|iPhone.Build.0 = Debug|Any CPU
		{0B0AFA83-FE7A-4D3F-A343-7223FA0DE190}.Release|iPhone.ActiveCfg = Release|Any CPU
		{0B0AFA83-FE7A-4D3F-A343-7223FA0DE190}.Release|iPhone.Build.0 = Release|Any CPU
		{BB434562-CF03-4470-8FB5-56BEA1FD8285}.Debug|Any CPU.ActiveCfg = Debug|Any CPU
		{BB434562-CF03-4470-8FB5-56BEA1FD8285}.Debug|Any CPU.Build.0 = Debug|Any CPU
		{BB434562-CF03-4470-8FB5-56BEA1FD8285}.Release|Any CPU.ActiveCfg = Release|Any CPU
		{BB434562-CF03-4470-8FB5-56BEA1FD8285}.Release|Any CPU.Build.0 = Release|Any CPU
		{BB434562-CF03-4470-8FB5-56BEA1FD8285}.Debug|iPhoneSimulator.ActiveCfg = Debug|Any CPU
		{BB434562-CF03-4470-8FB5-56BEA1FD8285}.Debug|iPhoneSimulator.Build.0 = Debug|Any CPU
		{BB434562-CF03-4470-8FB5-56BEA1FD8285}.Release|iPhoneSimulator.ActiveCfg = Release|Any CPU
		{BB434562-CF03-4470-8FB5-56BEA1FD8285}.Release|iPhoneSimulator.Build.0 = Release|Any CPU
		{BB434562-CF03-4470-8FB5-56BEA1FD8285}.Debug|iPhone.ActiveCfg = Debug|Any CPU
		{BB434562-CF03-4470-8FB5-56BEA1FD8285}.Debug|iPhone.Build.0 = Debug|Any CPU
		{BB434562-CF03-4470-8FB5-56BEA1FD8285}.Release|iPhone.ActiveCfg = Release|Any CPU
		{BB434562-CF03-4470-8FB5-56BEA1FD8285}.Release|iPhone.Build.0 = Release|Any CPU
	EndGlobalSection
EndGlobal
